Microsoft Visual Studio Solution File, Format Version 10.00
# Visual Studio 2008
Project("{8BC9CEB8-8B4A-11D0-8D11-00A0C91BC942}") = "tutorial", "src\tutorial\tutorial.vc90.vcproj", "{51B03E68-8441-D762-2633-03E283139383}"
	ProjectSection(ProjectDependencies) = postProject
	EndProjectSection
EndProject
Project("{8BC9CEB8-8B4A-11D0-8D11-00A0C91BC942}") = "docAvizopackages", ".\docAvizopackages.vc90.vcproj", "{51B03E68-8442-1407-2137-03E293735373}"
	ProjectSection(ProjectDependencies) = postProject
	EndProjectSection
EndProject
Project("{8BC9CEB8-8B4A-11D0-8D11-00A0C91BC942}") = "allAvizopackages", ".\allAvizopackages.vc90.vcproj", "{51B03E68-8441-13EB-2939-03E243639333}"
	ProjectSection(ProjectDependencies) = postProject
		{51B03E68-8441-D762-2633-03E283139383} = {51B03E68-8441-D762-2633-03E283139383}
		{51B03E68-8442-1407-2137-03E293735373} = {51B03E68-8442-1407-2137-03E293735373}
	EndProjectSection
EndProject
Global
	GlobalSection(SolutionConfigurationPlatforms) = preSolution
		Debug|x64 = Debug|x64
		Release|x64 = Release|x64
	EndGlobalSection
	GlobalSection(ProjectConfigurationPlatforms) = postSolution
		{51B03E68-8441-D762-2633-03E283139383}.Debug|x64.ActiveCfg = Debug|x64
		{51B03E68-8441-D762-2633-03E283139383}.Debug|x64.Build.0 = Debug|x64
		{51B03E68-8441-D762-2633-03E283139383}.Release|x64.ActiveCfg = Release|x64
		{51B03E68-8441-D762-2633-03E283139383}.Release|x64.Build.0 = Release|x64
		{51B03E68-8442-1407-2137-03E293735373}.Debug|x64.ActiveCfg = Debug|x64
		{51B03E68-8442-1407-2137-03E293735373}.Debug|x64.Build.0 = Debug|x64
		{51B03E68-8442-1407-2137-03E293735373}.Release|x64.ActiveCfg = Release|x64
		{51B03E68-8442-1407-2137-03E293735373}.Release|x64.Build.0 = Release|x64
		{51B03E68-8441-13EB-2939-03E243639333}.Debug|x64.ActiveCfg = Debug|x64
		{51B03E68-8441-13EB-2939-03E243639333}.Debug|x64.Build.0 = Debug|x64
		{51B03E68-8441-13EB-2939-03E243639333}.Release|x64.ActiveCfg = Release|x64
		{51B03E68-8441-13EB-2939-03E243639333}.Release|x64.Build.0 = Release|x64
	EndGlobalSection
EndGlobal
